Microsoft Visual Studio Solution File, Format Version 12.00
# Visual Studio Version 17
VisualStudioVersion = 17.5.2.0
MinimumVisualStudioVersion = 10.0.40219.1
Project("{9A19103F-16F7-4668-BE54-9A1E7A4F7556}") = "EmailSystem", "EmailSystem\EmailSystem.csproj", "{D10009F6-4BD0-C3EF-256B-437CBB0A4BED}"
EndProject
Project("{9A19103F-16F7-4668-BE54-9A1E7A4F7556}") = "EmailSystem.Migrations.SqlServer", "EmailSystem.Migrations.SqlServer\EmailSystem.Migrations.SqlServer.csproj", "{C4B7F150-16B6-445E-BEF9-0ADB8375C0B3}"
EndProject
Project("{9A19103F-16F7-4668-BE54-9A1E7A4F7556}") = "EmailSystem.Migrations.PostgreSQL", "EmailSystem.Migrations.PostgreSQL\EmailSystem.Migrations.PostgreSQL.csproj", "{6D8CEB4C-64CB-4A7D-B69E-739119672A75}"
EndProject
Project("{9A19103F-16F7-4668-BE54-9A1E7A4F7556}") = "EmailSystem.Migrations.MySQL", "EmailSystem.Migrations.MySQL\EmailSystem.Migrations.MySQL.csproj", "{5059C756-325F-450E-B253-76591CA54793}"
EndProject
Project("{FAE04EC0-301F-11D3-BF4B-00C04F79EFBC}") = "EmailSystem.Domain", "EmailSystem.Domain\EmailSystem.Domain.csproj", "{ACAEB208-13EF-4342-9D7A-01E493DDFDF1}"
EndProject
Global
	GlobalSection(SolutionConfigurationPlatforms) = preSolution
		Debug|Any CPU = Debug|Any CPU
		Release|Any CPU = Release|Any CPU
	EndGlobalSection
	GlobalSection(ProjectConfigurationPlatforms) = postSolution
		{D10009F6-4BD0-C3EF-256B-437CBB0A4BED}.Debug|Any CPU.ActiveCfg = Debug|Any CPU
		{D10009F6-4BD0-C3EF-256B-437CBB0A4BED}.Debug|Any CPU.Build.0 = Debug|Any CPU
		{D10009F6-4BD0-C3EF-256B-437CBB0A4BED}.Release|Any CPU.ActiveCfg = Release|Any CPU
		{D10009F6-4BD0-C3EF-256B-437CBB0A4BED}.Release|Any CPU.Build.0 = Release|Any CPU
		{C4B7F150-16B6-445E-BEF9-0ADB8375C0B3}.Debug|Any CPU.ActiveCfg = Debug|Any CPU
		{C4B7F150-16B6-445E-BEF9-0ADB8375C0B3}.Debug|Any CPU.Build.0 = Debug|Any CPU
		{C4B7F150-16B6-445E-BEF9-0ADB8375C0B3}.Release|Any CPU.ActiveCfg = Release|Any CPU
		{C4B7F150-16B6-445E-BEF9-0ADB8375C0B3}.Release|Any CPU.Build.0 = Release|Any CPU
		{6D8CEB4C-64CB-4A7D-B69E-739119672A75}.Debug|Any CPU.ActiveCfg = Debug|Any CPU
		{6D8CEB4C-64CB-4A7D-B69E-739119672A75}.Debug|Any CPU.Build.0 = Debug|Any CPU
		{6D8CEB4C-64CB-4A7D-B69E-739119672A75}.Release|Any CPU.ActiveCfg = Release|Any CPU
		{6D8CEB4C-64CB-4A7D-B69E-739119672A75}.Release|Any CPU.Build.0 = Release|Any CPU
		{5059C756-325F-450E-B253-76591CA54793}.Debug|Any CPU.ActiveCfg = Debug|Any CPU
		{5059C756-325F-450E-B253-76591CA54793}.Debug|Any CPU.Build.0 = Debug|Any CPU
		{5059C756-325F-450E-B253-76591CA54793}.Release|Any CPU.ActiveCfg = Release|Any CPU
		{5059C756-325F-450E-B253-76591CA54793}.Release|Any CPU.Build.0 = Release|Any CPU
		{ACAEB208-13EF-4342-9D7A-01E493DDFDF1}.Debug|Any CPU.ActiveCfg = Debug|Any CPU
		{ACAEB208-13EF-4342-9D7A-01E493DDFDF1}.Debug|Any CPU.Build.0 = Debug|Any CPU
		{ACAEB208-13EF-4342-9D7A-01E493DDFDF1}.Release|Any CPU.ActiveCfg = Release|Any CPU
		{ACAEB208-13EF-4342-9D7A-01E493DDFDF1}.Release|Any CPU.Build.0 = Release|Any CPU
	EndGlobalSection
	GlobalSection(SolutionProperties) = preSolution
		HideSolutionNode = FALSE
	EndGlobalSection
	GlobalSection(ExtensibilityGlobals) = postSolution
		SolutionGuid = {8596032C-27E2-4195-8771-27AD512B5CD4}
	EndGlobalSection
EndGlobal
